
Microsoft Visual Studio Solution File, Format Version 12.00
# Visual Studio Version 17
VisualStudioVersion = 17.12.35707.178
MinimumVisualStudioVersion = 10.0.40219.1
Project("{FAE04EC0-301F-11D3-BF4B-00C04F79EFBC}") = "Departments", "Departments\Departments.csproj", "{64119004-F2B9-4C4A-85DC-4C3024BB0E91}"
EndProject
Global
	GlobalSection(SolutionConfigurationPlatforms) = preSolution
		Debug|Any CPU = Debug|Any CPU
		Release|Any CPU = Release|Any CPU
	EndGlobalSection
	GlobalSection(ProjectConfigurationPlatforms) = postSolution
		{64119004-F2B9-4C4A-85DC-4C3024BB0E91}.Debug|Any CPU.ActiveCfg = Debug|Any CPU
		{64119004-F2B9-4C4A-85DC-4C3024BB0E91}.Debug|Any CPU.Build.0 = Debug|Any CPU
		{64119004-F2B9-4C4A-85DC-4C3024BB0E91}.Release|Any CPU.ActiveCfg = Release|Any CPU
		{64119004-F2B9-4C4A-85DC-4C3024BB0E91}.Release|Any CPU.Build.0 = Release|Any CPU
	EndGlobalSection
	GlobalSection(SolutionProperties) = preSolution
		HideSolutionNode = FALSE
	EndGlobalSection
EndGlobal
